
Microsoft Visual Studio Solution File, Format Version 12.00
# Visual Studio Version 17
VisualStudioVersion = 17.11.35222.181
MinimumVisualStudioVersion = 10.0.40219.1
Project("{9A19103F-16F7-4668-BE54-9A1E7A4F7556}") = "TurnosPadel", "TurnosPadel\TurnosPadel.csproj", "{DC2EC88F-5D6C-49A2-A9A6-EDEBA2F07704}"
EndProject
Project("{9A19103F-16F7-4668-BE54-9A1E7A4F7556}") = "Application", "Application\Application.csproj", "{4514FF05-4BC7-461C-9D41-A6457566F99A}"
EndProject
Project("{9A19103F-16F7-4668-BE54-9A1E7A4F7556}") = "Domain", "Domain\Domain.csproj", "{2D50B024-C8E3-4E4F-B755-2EB1D5FF57B6}"
EndProject
Project("{9A19103F-16F7-4668-BE54-9A1E7A4F7556}") = "Infrastructure", "Infraestructure\Infrastructure.csproj", "{BF76DA2C-3533-4C9D-A798-EC0E7869D1B3}"
EndProject
Global
	GlobalSection(SolutionConfigurationPlatforms) = preSolution
		Debug|Any CPU = Debug|Any CPU
		Release|Any CPU = Release|Any CPU
	EndGlobalSection
	GlobalSection(ProjectConfigurationPlatforms) = postSolution
		{DC2EC88F-5D6C-49A2-A9A6-EDEBA2F07704}.Debug|Any CPU.ActiveCfg = Debug|Any CPU
		{DC2EC88F-5D6C-49A2-A9A6-EDEBA2F07704}.Debug|Any CPU.Build.0 = Debug|Any CPU
		{DC2EC88F-5D6C-49A2-A9A6-EDEBA2F07704}.Release|Any CPU.ActiveCfg = Release|Any CPU
		{DC2EC88F-5D6C-49A2-A9A6-EDEBA2F07704}.Release|Any CPU.Build.0 = Release|Any CPU
		{4514FF05-4BC7-461C-9D41-A6457566F99A}.Debug|Any CPU.ActiveCfg = Debug|Any CPU
		{4514FF05-4BC7-461C-9D41-A6457566F99A}.Debug|Any CPU.Build.0 = Debug|Any CPU
		{4514FF05-4BC7-461C-9D41-A6457566F99A}.Release|Any CPU.ActiveCfg = Release|Any CPU
		{4514FF05-4BC7-461C-9D41-A6457566F99A}.Release|Any CPU.Build.0 = Release|Any CPU
		{2D50B024-C8E3-4E4F-B755-2EB1D5FF57B6}.Debug|Any CPU.ActiveCfg = Debug|Any CPU
		{2D50B024-C8E3-4E4F-B755-2EB1D5FF57B6}.Debug|Any CPU.Build.0 = Debug|Any CPU
		{2D50B024-C8E3-4E4F-B755-2EB1D5FF57B6}.Release|Any CPU.ActiveCfg = Release|Any CPU
		{2D50B024-C8E3-4E4F-B755-2EB1D5FF57B6}.Release|Any CPU.Build.0 = Release|Any CPU
		{BF76DA2C-3533-4C9D-A798-EC0E7869D1B3}.Debug|Any CPU.ActiveCfg = Debug|Any CPU
		{BF76DA2C-3533-4C9D-A798-EC0E7869D1B3}.Debug|Any CPU.Build.0 = Debug|Any CPU
		{BF76DA2C-3533-4C9D-A798-EC0E7869D1B3}.Release|Any CPU.ActiveCfg = Release|Any CPU
		{BF76DA2C-3533-4C9D-A798-EC0E7869D1B3}.Release|Any CPU.Build.0 = Release|Any CPU
	EndGlobalSection
	GlobalSection(SolutionProperties) = preSolution
		HideSolutionNode = FALSE
	EndGlobalSection
	GlobalSection(ExtensibilityGlobals) = postSolution
		SolutionGuid = {3A7ADF85-0E33-4FD2-BE7C-88A1AEA39961}
	EndGlobalSection
EndGlobal
